{
  "nodes": {
    "blocky-tailscale": {
      "inputs": {
        "flake-utils": "flake-utils",
        "nixpkgs": [
          "nixpkgs"
        ]
      },
      "locked": {
        "lastModified": 1668874705,
        "narHash": "sha256-TzAepRrz1LToMxT4KwAfLYN8i1pSSkI4OhfMpgjPDIM=",
        "owner": "devusb",
        "repo": "blocky-tailscale",
        "rev": "897ef5d90ea46a18b7cfb7dfd4a09ec1235ba8f1",
        "type": "github"
      },
      "original": {
        "owner": "devusb",
        "ref": "overridable-flake",
        "repo": "blocky-tailscale",
        "type": "github"
      }
    },
    "flake-utils": {
      "locked": {
        "lastModified": 1667395993,
        "narHash": "sha256-nuEHfE/LcWyuSWnS8t12N1wc105Qtau+/OdUAjtQ0rA=",
        "owner": "numtide",
        "repo": "flake-utils",
        "rev": "5aed5285a952e0b949eb3ba02c12fa4fcfef535f",
        "type": "github"
      },
      "original": {
        "owner": "numtide",
        "repo": "flake-utils",
        "type": "github"
      }
    },
    "nixlib": {
      "locked": {
        "lastModified": 1636849918,
        "narHash": "sha256-nzUK6dPcTmNVrgTAC1EOybSMsrcx+QrVPyqRdyKLkjA=",
        "owner": "nix-community",
        "repo": "nixpkgs.lib",
        "rev": "28a5b0557f14124608db68d3ee1f77e9329e9dd5",
        "type": "github"
      },
      "original": {
        "owner": "nix-community",
        "repo": "nixpkgs.lib",
        "type": "github"
      }
    },
    "nixos-generators": {
      "inputs": {
        "nixlib": "nixlib",
        "nixpkgs": [
          "nixpkgs"
        ]
      },
      "locked": {
        "lastModified": 1666812839,
        "narHash": "sha256-0nBDgjPU+iDsvz89W+cDEyhnFGSwCJmwDl/gMGqYiU0=",
        "owner": "nix-community",
        "repo": "nixos-generators",
        "rev": "41f3518bc194389df22a3d198215eae75e6b5ab9",
        "type": "github"
      },
      "original": {
        "owner": "nix-community",
        "repo": "nixos-generators",
        "type": "github"
      }
    },
    "nixpkgs": {
      "locked": {
        "lastModified": 1668417584,
        "narHash": "sha256-yeuEyxKPwsm5fIHN49L/syn9g5coxnPp3GsVquhrv5A=",
        "owner": "NixOS",
        "repo": "nixpkgs",
        "rev": "013fcdd106823416918004bb684c3c186d3c460f",
        "type": "github"
      },
      "original": {
        "id": "nixpkgs",
        "ref": "nixos-unstable",
        "type": "indirect"
      }
    },
    "nixpkgs-22_05": {
      "locked": {
        "lastModified": 1668307144,
        "narHash": "sha256-uY2StvGJvTfgtLaiz3uvX+EQeWZDkiLFiz2vekgJ9ZE=",
        "owner": "NixOS",
        "repo": "nixpkgs",
        "rev": "eac99848dfd869e486573d8272b0c10729675ca2",
        "type": "github"
      },
      "original": {
        "owner": "NixOS",
        "ref": "release-22.05",
        "repo": "nixpkgs",
        "type": "github"
      }
    },
    "nixpkgs-stable": {
      "locked": {
        "lastModified": 1668459637,
        "narHash": "sha256-HqnWCKujmtu8v0CjzOT0sr7m2AR7+vpbZJOp1R0rodY=",
        "owner": "nixos",
        "repo": "nixpkgs",
        "rev": "16f4e04658c2ab10114545af2f39db17d51bd1bd",
        "type": "github"
      },
      "original": {
        "owner": "nixos",
        "ref": "nixos-22.05",
        "repo": "nixpkgs",
        "type": "github"
      }
    },
    "root": {
      "inputs": {
        "blocky-tailscale": "blocky-tailscale",
        "nixos-generators": "nixos-generators",
        "nixpkgs": "nixpkgs",
        "nixpkgs-stable": "nixpkgs-stable",
        "sops-nix": "sops-nix"
      }
    },
    "sops-nix": {
      "inputs": {
        "nixpkgs": [
          "nixpkgs"
        ],
        "nixpkgs-22_05": "nixpkgs-22_05"
      },
      "locked": {
        "lastModified": 1668311578,
        "narHash": "sha256-nF6mwSbVyvnlIICWFZlADegWdTsgrk1pZnA/0VqByNw=",
        "owner": "Mic92",
        "repo": "sops-nix",
        "rev": "39f0fe57f1ef78764c1abc1de145f091fee1bbbb",
        "type": "github"
      },
      "original": {
        "owner": "Mic92",
        "repo": "sops-nix",
        "type": "github"
      }
    }
  },
  "root": "root",
  "version": 7
}
