{
  "nodes": {
    "attic": {
      "inputs": {
        "crane": "crane",
        "flake-compat": "flake-compat",
        "flake-utils": "flake-utils",
        "nixpkgs": "nixpkgs",
        "nixpkgs-stable": "nixpkgs-stable"
      },
      "locked": {
        "lastModified": 1679445945,
        "narHash": "sha256-UadTIRRA/okmLmdM+OzhCwSoovr72Pq0+3Tt7CAyYcg=",
        "owner": "zhaofengli",
        "repo": "attic",
        "rev": "4d92e69fc1b279676f997e6b99d2cacc4d0a3e87",
        "type": "github"
      },
      "original": {
        "owner": "zhaofengli",
        "repo": "attic",
        "type": "github"
      }
    },
    "blocky-tailscale": {
      "inputs": {
        "flake-utils": "flake-utils_2",
        "nixpkgs": [
          "nixpkgs"
        ]
      },
      "locked": {
        "lastModified": 1670693089,
        "narHash": "sha256-hn3V2Qjj40aTTt9YRCS0VdiazJzt8G7BTGP2L7NSoMo=",
        "owner": "devusb",
        "repo": "blocky-tailscale",
        "rev": "daa4cd32f62b20e8ba0b46b67e5858fc8f0c3a1b",
        "type": "github"
      },
      "original": {
        "owner": "devusb",
        "repo": "blocky-tailscale",
        "type": "github"
      }
    },
    "crane": {
      "inputs": {
        "flake-compat": [
          "attic",
          "flake-compat"
        ],
        "flake-utils": [
          "attic",
          "flake-utils"
        ],
        "nixpkgs": [
          "attic",
          "nixpkgs"
        ],
        "rust-overlay": "rust-overlay"
      },
      "locked": {
        "lastModified": 1677892403,
        "narHash": "sha256-/Wi0L1spSWLFj+UQxN3j0mPYMoc7ZoAujpUF/juFVII=",
        "owner": "ipetkov",
        "repo": "crane",
        "rev": "105e27adb70a9890986b6d543a67761cbc1964a2",
        "type": "github"
      },
      "original": {
        "owner": "ipetkov",
        "repo": "crane",
        "type": "github"
      }
    },
    "flake-compat": {
      "flake": false,
      "locked": {
        "lastModified": 1673956053,
        "narHash": "sha256-4gtG9iQuiKITOjNQQeQIpoIB6b16fm+504Ch3sNKLd8=",
        "owner": "edolstra",
        "repo": "flake-compat",
        "rev": "35bb57c0c8d8b62bbfd284272c928ceb64ddbde9",
        "type": "github"
      },
      "original": {
        "owner": "edolstra",
        "repo": "flake-compat",
        "type": "github"
      }
    },
    "flake-utils": {
      "locked": {
        "lastModified": 1667395993,
        "narHash": "sha256-nuEHfE/LcWyuSWnS8t12N1wc105Qtau+/OdUAjtQ0rA=",
        "owner": "numtide",
        "repo": "flake-utils",
        "rev": "5aed5285a952e0b949eb3ba02c12fa4fcfef535f",
        "type": "github"
      },
      "original": {
        "owner": "numtide",
        "repo": "flake-utils",
        "type": "github"
      }
    },
    "flake-utils_2": {
      "locked": {
        "lastModified": 1667395993,
        "narHash": "sha256-nuEHfE/LcWyuSWnS8t12N1wc105Qtau+/OdUAjtQ0rA=",
        "owner": "numtide",
        "repo": "flake-utils",
        "rev": "5aed5285a952e0b949eb3ba02c12fa4fcfef535f",
        "type": "github"
      },
      "original": {
        "owner": "numtide",
        "repo": "flake-utils",
        "type": "github"
      }
    },
    "impermanence": {
      "locked": {
        "lastModified": 1675359654,
        "narHash": "sha256-FPxzuvJkcO49g4zkWLSeuZkln54bLoTtrggZDJBH90I=",
        "owner": "nix-community",
        "repo": "impermanence",
        "rev": "6138eb8e737bffabd4c8fc78ae015d4fd6a7e2fd",
        "type": "github"
      },
      "original": {
        "owner": "nix-community",
        "repo": "impermanence",
        "type": "github"
      }
    },
    "nixlib": {
      "locked": {
        "lastModified": 1679187309,
        "narHash": "sha256-H8udmkg5wppL11d/05MMzOMryiYvc403axjDNZy1/TQ=",
        "owner": "nix-community",
        "repo": "nixpkgs.lib",
        "rev": "44214417fe4595438b31bdb9469be92536a61455",
        "type": "github"
      },
      "original": {
        "owner": "nix-community",
        "repo": "nixpkgs.lib",
        "type": "github"
      }
    },
    "nixos-generators": {
      "inputs": {
        "nixlib": "nixlib",
        "nixpkgs": [
          "nixpkgs"
        ]
      },
      "locked": {
        "lastModified": 1679464055,
        "narHash": "sha256-RiZpwkbm1GeKRqrTtGGsEDieJyplMSRG1bQzOZgY378=",
        "owner": "nix-community",
        "repo": "nixos-generators",
        "rev": "d5cd198c80ee62a801a078ad991c99c0175971cf",
        "type": "github"
      },
      "original": {
        "owner": "nix-community",
        "repo": "nixos-generators",
        "type": "github"
      }
    },
    "nixpkgs": {
      "locked": {
        "lastModified": 1677852945,
        "narHash": "sha256-liiVJjkBTuBTAkRW3hrI8MbPD2ImYzwUpa7kvteiKhM=",
        "owner": "NixOS",
        "repo": "nixpkgs",
        "rev": "f5ffd5787786dde3a8bf648c7a1b5f78c4e01abb",
        "type": "github"
      },
      "original": {
        "owner": "NixOS",
        "ref": "nixpkgs-unstable",
        "repo": "nixpkgs",
        "type": "github"
      }
    },
    "nixpkgs-stable": {
      "locked": {
        "lastModified": 1675327819,
        "narHash": "sha256-Fd2BUNUsTO7wmoU1fbOC4HNkl370dYdkfKgWPretuj0=",
        "owner": "NixOS",
        "repo": "nixpkgs",
        "rev": "21efc622b939884db3c92f49d638ca89f12f22f8",
        "type": "github"
      },
      "original": {
        "owner": "NixOS",
        "ref": "nixos-22.11",
        "repo": "nixpkgs",
        "type": "github"
      }
    },
    "nixpkgs-stable_2": {
      "locked": {
        "lastModified": 1679748960,
        "narHash": "sha256-BP8XcYHyj1NxQi04RpyNW8e7KiXSoI+Fy1tXIK2GfdA=",
        "owner": "nixos",
        "repo": "nixpkgs",
        "rev": "da26ae9f6ce2c9ab380c0f394488892616fc5a6a",
        "type": "github"
      },
      "original": {
        "owner": "nixos",
        "ref": "nixos-22.11",
        "repo": "nixpkgs",
        "type": "github"
      }
    },
    "nixpkgs-stable_3": {
      "locked": {
        "lastModified": 1679748960,
        "narHash": "sha256-BP8XcYHyj1NxQi04RpyNW8e7KiXSoI+Fy1tXIK2GfdA=",
        "owner": "NixOS",
        "repo": "nixpkgs",
        "rev": "da26ae9f6ce2c9ab380c0f394488892616fc5a6a",
        "type": "github"
      },
      "original": {
        "owner": "NixOS",
        "ref": "release-22.11",
        "repo": "nixpkgs",
        "type": "github"
      }
    },
    "nixpkgs_2": {
      "locked": {
        "lastModified": 1679797994,
        "narHash": "sha256-Kr/O/UlfqAtoFmkZeAaphsxogeaN8a/IugBApFzPfpk=",
        "owner": "NixOS",
        "repo": "nixpkgs",
        "rev": "5f9d1bb572e08ec432ae46c78581919d837a90f6",
        "type": "github"
      },
      "original": {
        "id": "nixpkgs",
        "ref": "nixos-unstable",
        "type": "indirect"
      }
    },
    "root": {
      "inputs": {
        "attic": "attic",
        "blocky-tailscale": "blocky-tailscale",
        "impermanence": "impermanence",
        "nixos-generators": "nixos-generators",
        "nixpkgs": "nixpkgs_2",
        "nixpkgs-stable": "nixpkgs-stable_2",
        "sops-nix": "sops-nix"
      }
    },
    "rust-overlay": {
      "inputs": {
        "flake-utils": [
          "attic",
          "crane",
          "flake-utils"
        ],
        "nixpkgs": [
          "attic",
          "crane",
          "nixpkgs"
        ]
      },
      "locked": {
        "lastModified": 1675391458,
        "narHash": "sha256-ukDKZw922BnK5ohL9LhwtaDAdCsJL7L6ScNEyF1lO9w=",
        "owner": "oxalica",
        "repo": "rust-overlay",
        "rev": "383a4acfd11d778d5c2efcf28376cbd845eeaedf",
        "type": "github"
      },
      "original": {
        "owner": "oxalica",
        "repo": "rust-overlay",
        "type": "github"
      }
    },
    "sops-nix": {
      "inputs": {
        "nixpkgs": [
          "nixpkgs"
        ],
        "nixpkgs-stable": "nixpkgs-stable_3"
      },
      "locked": {
        "lastModified": 1679799335,
        "narHash": "sha256-YrnDyftm0Mk4JLuw3sDBPNfSjk054N0dqQx8FW4JqDM=",
        "owner": "Mic92",
        "repo": "sops-nix",
        "rev": "4740f80ca6e756915aaaa0a9c5fbb61ba09cc145",
        "type": "github"
      },
      "original": {
        "owner": "Mic92",
        "repo": "sops-nix",
        "type": "github"
      }
    }
  },
  "root": "root",
  "version": 7
}
